{
  "name": "foundry",
  "version": "1.0.0",
  "lockfileVersion": 3,
  "requires": true,
  "packages": {
    "": {
      "name": "foundry",
      "version": "1.0.0",
      "license": "ISC",
      "dependencies": {
        "@routerprotocol/evm-gateway-contracts": "^1.1.13"
      }
    },
    "node_modules/@openzeppelin/contracts": {
      "version": "4.9.6",
      "resolved": "https://registry.npmjs.org/@openzeppelin/contracts/-/contracts-4.9.6.tgz",
      "integrity": "sha512-xSmezSupL+y9VkHZJGDoCBpmnB2ogM13ccaYDWqJTfS3dbuHkgjuwDFUmaFauBCboQMGB/S5UqUl2y54X99BmA==",
      "license": "MIT"
    },
    "node_modules/@openzeppelin/contracts-upgradeable": {
      "version": "4.9.6",
      "resolved": "https://registry.npmjs.org/@openzeppelin/contracts-upgradeable/-/contracts-upgradeable-4.9.6.tgz",
      "integrity": "sha512-m4iHazOsOCv1DgM7eD7GupTJ+NFVujRZt1wzddDPSVGpWdKq1SKkla5htKG7+IS4d2XOCtzkUNwRZ7Vq5aEUMA==",
      "license": "MIT"
    },
    "node_modules/@routerprotocol/evm-gateway-contracts": {
      "version": "1.1.13",
      "resolved": "https://registry.npmjs.org/@routerprotocol/evm-gateway-contracts/-/evm-gateway-contracts-1.1.13.tgz",
      "integrity": "sha512-XCjODM/AKx/WLc8pa9UzlatBBS73xkGBXDbSsFxq4XQUqO8ao7Gcnp61n9CoW8QN7wDKev+6tiHagia+piDzMg==",
      "dependencies": {
        "@openzeppelin/contracts": "^4.4.1",
        "@openzeppelin/contracts-upgradeable": "^4.7.3"
      }
    }
  }
}
